// !$*UTF8*$!
{
	archiveVersion = 1;
	classes = {
	};
	objectVersion = 51;
	objects = {

/* Begin PBXBuildFile section */
		BAD12722978088FC4B32F8C2 /* Pods_USNewsTests.framework in Frameworks */ = {isa = PBXBuildFile; fileRef = F38EA5FD20F22F1980685974 /* Pods_USNewsTests.framework */; };
		C293F7F526560D4800956406 /* NewsListCell.swift in Sources */ = {isa = PBXBuildFile; fileRef = C293F7F326560D4800956406 /* NewsListCell.swift */; };
		C293F7F626560D4800956406 /* NewsListCell.xib in Resources */ = {isa = PBXBuildFile; fileRef = C293F7F426560D4800956406 /* NewsListCell.xib */; };
		C293F7F82656192300956406 /* UITableViewCell+ReuseIdentifier.swift in Sources */ = {isa = PBXBuildFile; fileRef = C293F7F72656192300956406 /* UITableViewCell+ReuseIdentifier.swift */; };
		C293F7FB26561E6800956406 /* ArticleListDependencyBuilder.swift in Sources */ = {isa = PBXBuildFile; fileRef = C293F7FA26561E6800956406 /* ArticleListDependencyBuilder.swift */; };
		C293F7FD2656218900956406 /* UIStoryboard+Additions.swift in Sources */ = {isa = PBXBuildFile; fileRef = C293F7FC2656218900956406 /* UIStoryboard+Additions.swift */; };
		C293F7FF265621C600956406 /* StoryboardInstantiable.swift in Sources */ = {isa = PBXBuildFile; fileRef = C293F7FE265621C600956406 /* StoryboardInstantiable.swift */; };
		C293F8012656245100956406 /* Environment.swift in Sources */ = {isa = PBXBuildFile; fileRef = C293F8002656245100956406 /* Environment.swift */; };
		C293F80926562ED100956406 /* USNewsTests.swift in Sources */ = {isa = PBXBuildFile; fileRef = C293F80826562ED100956406 /* USNewsTests.swift */; };
		C2C00C5426555CAA00629018 /* AppDelegate.swift in Sources */ = {isa = PBXBuildFile; fileRef = C2C00C5326555CAA00629018 /* AppDelegate.swift */; };
		C2C00C5826555CAA00629018 /* ArticleListViewController.swift in Sources */ = {isa = PBXBuildFile; fileRef = C2C00C5726555CAA00629018 /* ArticleListViewController.swift */; };
		C2C00C5B26555CAA00629018 /* Main.storyboard in Resources */ = {isa = PBXBuildFile; fileRef = C2C00C5926555CAA00629018 /* Main.storyboard */; };
		C2C00C5D26555CAB00629018 /* Assets.xcassets in Resources */ = {isa = PBXBuildFile; fileRef = C2C00C5C26555CAB00629018 /* Assets.xcassets */; };
		C2C00C6026555CAB00629018 /* LaunchScreen.storyboard in Resources */ = {isa = PBXBuildFile; fileRef = C2C00C5E26555CAB00629018 /* LaunchScreen.storyboard */; };
		C2C00C6826555D9100629018 /* APIService.swift in Sources */ = {isa = PBXBuildFile; fileRef = C2C00C6726555D9100629018 /* APIService.swift */; };
		C2C00C6A26555DEF00629018 /* SessionContext.swift in Sources */ = {isa = PBXBuildFile; fileRef = C2C00C6926555DEF00629018 /* SessionContext.swift */; };
		C2C00C6D26555E8100629018 /* Requestable.swift in Sources */ = {isa = PBXBuildFile; fileRef = C2C00C6C26555E8100629018 /* Requestable.swift */; };
		C2C00C6F26555EF600629018 /* APIServiceInterface.swift in Sources */ = {isa = PBXBuildFile; fileRef = C2C00C6E26555EF600629018 /* APIServiceInterface.swift */; };
		C2C00C7226555F8900629018 /* APIHTTPDecodableResponse.swift in Sources */ = {isa = PBXBuildFile; fileRef = C2C00C7126555F8900629018 /* APIHTTPDecodableResponse.swift */; };
		C2C00C742655600000629018 /* APIServiceError.swift in Sources */ = {isa = PBXBuildFile; fileRef = C2C00C732655600000629018 /* APIServiceError.swift */; };
		C2C00C7826556BF300629018 /* URLFormable.swift in Sources */ = {isa = PBXBuildFile; fileRef = C2C00C7726556BF300629018 /* URLFormable.swift */; };
		C2C00C7A26556C6800629018 /* APIEndPoint.swift in Sources */ = {isa = PBXBuildFile; fileRef = C2C00C7926556C6800629018 /* APIEndPoint.swift */; };
		C2C00C7C2655713300629018 /* Request.swift in Sources */ = {isa = PBXBuildFile; fileRef = C2C00C7B2655713300629018 /* Request.swift */; };
		C2C00C7F265571A100629018 /* URLRequest+RequestMethod.swift in Sources */ = {isa = PBXBuildFile; fileRef = C2C00C7E265571A100629018 /* URLRequest+RequestMethod.swift */; };
		C2C00C8126557B7F00629018 /* RequestEncoding.swift in Sources */ = {isa = PBXBuildFile; fileRef = C2C00C8026557B7F00629018 /* RequestEncoding.swift */; };
		C2C00C8326557C3A00629018 /* RequestURLEncoding.swift in Sources */ = {isa = PBXBuildFile; fileRef = C2C00C8226557C3A00629018 /* RequestURLEncoding.swift */; };
		C2C00C8526557C9A00629018 /* RequestJSONEncoding.swift in Sources */ = {isa = PBXBuildFile; fileRef = C2C00C8426557C9A00629018 /* RequestJSONEncoding.swift */; };
		C2C00C882655813500629018 /* ArticleListResponse.swift in Sources */ = {isa = PBXBuildFile; fileRef = C2C00C872655813500629018 /* ArticleListResponse.swift */; };
		C2C00C8B2655859E00629018 /* ArticleListRepository.swift in Sources */ = {isa = PBXBuildFile; fileRef = C2C00C8A2655859E00629018 /* ArticleListRepository.swift */; };
		C2C00C8E26558F0500629018 /* ArticleListViewModel.swift in Sources */ = {isa = PBXBuildFile; fileRef = C2C00C8D26558F0500629018 /* ArticleListViewModel.swift */; };
		C2C00C902655918500629018 /* ArticleViewModel.swift in Sources */ = {isa = PBXBuildFile; fileRef = C2C00C8F2655918500629018 /* ArticleViewModel.swift */; };
		C2C00C922655962B00629018 /* Collection+SafeIndex.swift in Sources */ = {isa = PBXBuildFile; fileRef = C2C00C912655962B00629018 /* Collection+SafeIndex.swift */; };
		C2DB2EA62656F946005184FC /* ArticleDetailViewController.swift in Sources */ = {isa = PBXBuildFile; fileRef = C2DB2EA52656F946005184FC /* ArticleDetailViewController.swift */; };
		C2DB2EA8265771A7005184FC /* ArticleDetailModelTests.swift in Sources */ = {isa = PBXBuildFile; fileRef = C2DB2EA7265771A7005184FC /* ArticleDetailModelTests.swift */; };
		C2DB2EAA2657737A005184FC /* SafeDecodable.swift in Sources */ = {isa = PBXBuildFile; fileRef = C2DB2EA92657737A005184FC /* SafeDecodable.swift */; };
		C2DB2EAC26577555005184FC /* Article+AdditionsTests.swift in Sources */ = {isa = PBXBuildFile; fileRef = C2DB2EAB26577555005184FC /* Article+AdditionsTests.swift */; };
		C2DB2EAE26577777005184FC /* JSONDecoder+JSON.swift in Sources */ = {isa = PBXBuildFile; fileRef = C2DB2EAD26577777005184FC /* JSONDecoder+JSON.swift */; };
		C2DBBC30265640BA00497F0E /* ImageDownloadState.swift in Sources */ = {isa = PBXBuildFile; fileRef = C2DBBC2F265640BA00497F0E /* ImageDownloadState.swift */; };
		C2DBBC3226564D4B00497F0E /* ArticleListViewModelTests.swift in Sources */ = {isa = PBXBuildFile; fileRef = C2DBBC3126564D4B00497F0E /* ArticleListViewModelTests.swift */; };
		C2DBBC36265679B100497F0E /* ResponseValidator.swift in Sources */ = {isa = PBXBuildFile; fileRef = C2DBBC35265679B100497F0E /* ResponseValidator.swift */; };
		C2DBBC3826567B9400497F0E /* ResponseValidatorTests.swift in Sources */ = {isa = PBXBuildFile; fileRef = C2DBBC3726567B9400497F0E /* ResponseValidatorTests.swift */; };
		C2DBBC3A2656B28C00497F0E /* ArticleDetailRepository.swift in Sources */ = {isa = PBXBuildFile; fileRef = C2DBBC392656B28C00497F0E /* ArticleDetailRepository.swift */; };
		C2DBBC3C2656B6AD00497F0E /* ArticleLikes.swift in Sources */ = {isa = PBXBuildFile; fileRef = C2DBBC3B2656B6AD00497F0E /* ArticleLikes.swift */; };
		C2DBBC3E2656B6BD00497F0E /* ArticleComments.swift in Sources */ = {isa = PBXBuildFile; fileRef = C2DBBC3D2656B6BD00497F0E /* ArticleComments.swift */; };
		C2DBBC402656BF0F00497F0E /* URLFormable+PathAdditions.swift in Sources */ = {isa = PBXBuildFile; fileRef = C2DBBC3F2656BF0F00497F0E /* URLFormable+PathAdditions.swift */; };
		C2DBBC422656C2A800497F0E /* ArticleDetailViewModel.swift in Sources */ = {isa = PBXBuildFile; fileRef = C2DBBC412656C2A800497F0E /* ArticleDetailViewModel.swift */; };
		C2DBBC442656CBF100497F0E /* Article+Additions.swift in Sources */ = {isa = PBXBuildFile; fileRef = C2DBBC432656CBF100497F0E /* Article+Additions.swift */; };
		C2DBBC462656E8C600497F0E /* ArticleDetailSection.swift in Sources */ = {isa = PBXBuildFile; fileRef = C2DBBC452656E8C600497F0E /* ArticleDetailSection.swift */; };
		C2DBBC492656EBC600497F0E /* ArticleDetailImageCell.swift in Sources */ = {isa = PBXBuildFile; fileRef = C2DBBC472656EBC600497F0E /* ArticleDetailImageCell.swift */; };
		C2DBBC4A2656EBC600497F0E /* ArticleDetailImageCell.xib in Resources */ = {isa = PBXBuildFile; fileRef = C2DBBC482656EBC600497F0E /* ArticleDetailImageCell.xib */; };
		C2DBBC4D2656EBED00497F0E /* ArticleDetailTitleCell.swift in Sources */ = {isa = PBXBuildFile; fileRef = C2DBBC4B2656EBED00497F0E /* ArticleDetailTitleCell.swift */; };
		C2DBBC4E2656EBED00497F0E /* ArticleDetailTitleCell.xib in Resources */ = {isa = PBXBuildFile; fileRef = C2DBBC4C2656EBED00497F0E /* ArticleDetailTitleCell.xib */; };
		C2DBBC512656EC2400497F0E /* ArticleLikesAndCommentsCell.swift in Sources */ = {isa = PBXBuildFile; fileRef = C2DBBC4F2656EC2400497F0E /* ArticleLikesAndCommentsCell.swift */; };
		C2DBBC522656EC2400497F0E /* ArticleLikesAndCommentsCell.xib in Resources */ = {isa = PBXBuildFile; fileRef = C2DBBC502656EC2400497F0E /* ArticleLikesAndCommentsCell.xib */; };
		C2DBBC552656EC3900497F0E /* ArticleDescriptionCell.swift in Sources */ = {isa = PBXBuildFile; fileRef = C2DBBC532656EC3900497F0E /* ArticleDescriptionCell.swift */; };
		C2DBBC562656EC3900497F0E /* ArticleDescriptionCell.xib in Resources */ = {isa = PBXBuildFile; fileRef = C2DBBC542656EC3900497F0E /* ArticleDescriptionCell.xib */; };
		C82EBBEA9A47E2D64C528A2B /* Pods_USNews.framework in Frameworks */ = {isa = PBXBuildFile; fileRef = 751EF11C7FB345BBDC7202C3 /* Pods_USNews.framework */; };
/* End PBXBuildFile section */

/* Begin PBXContainerItemProxy section */
		C293F80B26562ED100956406 /* PBXContainerItemProxy */ = {
			isa = PBXContainerItemProxy;
			containerPortal = C2C00C4826555CAA00629018 /* Project object */;
			proxyType = 1;
			remoteGlobalIDString = C2C00C4F26555CAA00629018;
			remoteInfo = USNews;
		};
/* End PBXContainerItemProxy section */

/* Begin PBXFileReference section */
		46964A828A7E3B28FABE55AF /* Pods-USNews.debug.xcconfig */ = {isa = PBXFileReference; includeInIndex = 1; lastKnownFileType = text.xcconfig; name = "Pods-USNews.debug.xcconfig"; path = "Target Support Files/Pods-USNews/Pods-USNews.debug.xcconfig"; sourceTree = "<group>"; };
		751EF11C7FB345BBDC7202C3 /* Pods_USNews.framework */ = {isa = PBXFileReference; explicitFileType = wrapper.framework; includeInIndex = 0; path = Pods_USNews.framework; sourceTree = BUILT_PRODUCTS_DIR; };
		B72FBB1A78B3E962062B95FA /* Pods-USNews.release.xcconfig */ = {isa = PBXFileReference; includeInIndex = 1; lastKnownFileType = text.xcconfig; name = "Pods-USNews.release.xcconfig"; path = "Target Support Files/Pods-USNews/Pods-USNews.release.xcconfig"; sourceTree = "<group>"; };
		C293F7F326560D4800956406 /* NewsListCell.swift */ = {isa = PBXFileReference; lastKnownFileType = sourcecode.swift; path = NewsListCell.swift; sourceTree = "<group>"; };
		C293F7F426560D4800956406 /* NewsListCell.xib */ = {isa = PBXFileReference; lastKnownFileType = file.xib; path = NewsListCell.xib; sourceTree = "<group>"; };
		C293F7F72656192300956406 /* UITableViewCell+ReuseIdentifier.swift */ = {isa = PBXFileReference; lastKnownFileType = sourcecode.swift; path = "UITableViewCell+ReuseIdentifier.swift"; sourceTree = "<group>"; };
		C293F7FA26561E6800956406 /* ArticleListDependencyBuilder.swift */ = {isa = PBXFileReference; lastKnownFileType = sourcecode.swift; path = ArticleListDependencyBuilder.swift; sourceTree = "<group>"; };
		C293F7FC2656218900956406 /* UIStoryboard+Additions.swift */ = {isa = PBXFileReference; lastKnownFileType = sourcecode.swift; path = "UIStoryboard+Additions.swift"; sourceTree = "<group>"; };
		C293F7FE265621C600956406 /* StoryboardInstantiable.swift */ = {isa = PBXFileReference; lastKnownFileType = sourcecode.swift; path = StoryboardInstantiable.swift; sourceTree = "<group>"; };
		C293F8002656245100956406 /* Environment.swift */ = {isa = PBXFileReference; lastKnownFileType = sourcecode.swift; path = Environment.swift; sourceTree = "<group>"; };
		C293F80626562ED100956406 /* USNewsTests.xctest */ = {isa = PBXFileReference; explicitFileType = wrapper.cfbundle; includeInIndex = 0; path = USNewsTests.xctest; sourceTree = BUILT_PRODUCTS_DIR; };
		C293F80826562ED100956406 /* USNewsTests.swift */ = {isa = PBXFileReference; lastKnownFileType = sourcecode.swift; path = USNewsTests.swift; sourceTree = "<group>"; };
		C293F80A26562ED100956406 /* Info.plist */ = {isa = PBXFileReference; lastKnownFileType = text.plist.xml; path = Info.plist; sourceTree = "<group>"; };
		C2C00C5026555CAA00629018 /* USNews.app */ = {isa = PBXFileReference; explicitFileType = wrapper.application; includeInIndex = 0; path = USNews.app; sourceTree = BUILT_PRODUCTS_DIR; };
		C2C00C5326555CAA00629018 /* AppDelegate.swift */ = {isa = PBXFileReference; lastKnownFileType = sourcecode.swift; path = AppDelegate.swift; sourceTree = "<group>"; };
		C2C00C5726555CAA00629018 /* ArticleListViewController.swift */ = {isa = PBXFileReference; lastKnownFileType = sourcecode.swift; path = ArticleListViewController.swift; sourceTree = "<group>"; };
		C2C00C5A26555CAA00629018 /* Base */ = {isa = PBXFileReference; lastKnownFileType = file.storyboard; name = Base; path = Base.lproj/Main.storyboard; sourceTree = "<group>"; };
		C2C00C5C26555CAB00629018 /* Assets.xcassets */ = {isa = PBXFileReference; lastKnownFileType = folder.assetcatalog; path = Assets.xcassets; sourceTree = "<group>"; };
		C2C00C5F26555CAB00629018 /* Base */ = {isa = PBXFileReference; lastKnownFileType = file.storyboard; name = Base; path = Base.lproj/LaunchScreen.storyboard; sourceTree = "<group>"; };
		C2C00C6126555CAB00629018 /* Info.plist */ = {isa = PBXFileReference; lastKnownFileType = text.plist.xml; path = Info.plist; sourceTree = "<group>"; };
		C2C00C6726555D9100629018 /* APIService.swift */ = {isa = PBXFileReference; lastKnownFileType = sourcecode.swift; path = APIService.swift; sourceTree = "<group>"; };
		C2C00C6926555DEF00629018 /* SessionContext.swift */ = {isa = PBXFileReference; lastKnownFileType = sourcecode.swift; path = SessionContext.swift; sourceTree = "<group>"; };
		C2C00C6C26555E8100629018 /* Requestable.swift */ = {isa = PBXFileReference; lastKnownFileType = sourcecode.swift; path = Requestable.swift; sourceTree = "<group>"; };
		C2C00C6E26555EF600629018 /* APIServiceInterface.swift */ = {isa = PBXFileReference; lastKnownFileType = sourcecode.swift; path = APIServiceInterface.swift; sourceTree = "<group>"; };
		C2C00C7126555F8900629018 /* APIHTTPDecodableResponse.swift */ = {isa = PBXFileReference; lastKnownFileType = sourcecode.swift; path = APIHTTPDecodableResponse.swift; sourceTree = "<group>"; };
		C2C00C732655600000629018 /* APIServiceError.swift */ = {isa = PBXFileReference; lastKnownFileType = sourcecode.swift; path = APIServiceError.swift; sourceTree = "<group>"; };
		C2C00C7726556BF300629018 /* URLFormable.swift */ = {isa = PBXFileReference; lastKnownFileType = sourcecode.swift; path = URLFormable.swift; sourceTree = "<group>"; };
		C2C00C7926556C6800629018 /* APIEndPoint.swift */ = {isa = PBXFileReference; lastKnownFileType = sourcecode.swift; path = APIEndPoint.swift; sourceTree = "<group>"; };
		C2C00C7B2655713300629018 /* Request.swift */ = {isa = PBXFileReference; lastKnownFileType = sourcecode.swift; path = Request.swift; sourceTree = "<group>"; };
		C2C00C7E265571A100629018 /* URLRequest+RequestMethod.swift */ = {isa = PBXFileReference; lastKnownFileType = sourcecode.swift; path = "URLRequest+RequestMethod.swift"; sourceTree = "<group>"; };
		C2C00C8026557B7F00629018 /* RequestEncoding.swift */ = {isa = PBXFileReference; lastKnownFileType = sourcecode.swift; path = RequestEncoding.swift; sourceTree = "<group>"; };
		C2C00C8226557C3A00629018 /* RequestURLEncoding.swift */ = {isa = PBXFileReference; lastKnownFileType = sourcecode.swift; path = RequestURLEncoding.swift; sourceTree = "<group>"; };
		C2C00C8426557C9A00629018 /* RequestJSONEncoding.swift */ = {isa = PBXFileReference; lastKnownFileType = sourcecode.swift; path = RequestJSONEncoding.swift; sourceTree = "<group>"; };
		C2C00C872655813500629018 /* ArticleListResponse.swift */ = {isa = PBXFileReference; lastKnownFileType = sourcecode.swift; path = ArticleListResponse.swift; sourceTree = "<group>"; };
		C2C00C8A2655859E00629018 /* ArticleListRepository.swift */ = {isa = PBXFileReference; lastKnownFileType = sourcecode.swift; path = ArticleListRepository.swift; sourceTree = "<group>"; };
		C2C00C8D26558F0500629018 /* ArticleListViewModel.swift */ = {isa = PBXFileReference; lastKnownFileType = sourcecode.swift; path = ArticleListViewModel.swift; sourceTree = "<group>"; };
		C2C00C8F2655918500629018 /* ArticleViewModel.swift */ = {isa = PBXFileReference; lastKnownFileType = sourcecode.swift; path = ArticleViewModel.swift; sourceTree = "<group>"; };
		C2C00C912655962B00629018 /* Collection+SafeIndex.swift */ = {isa = PBXFileReference; lastKnownFileType = sourcecode.swift; path = "Collection+SafeIndex.swift"; sourceTree = "<group>"; };
		C2DB2EA52656F946005184FC /* ArticleDetailViewController.swift */ = {isa = PBXFileReference; lastKnownFileType = sourcecode.swift; path = ArticleDetailViewController.swift; sourceTree = "<group>"; };
		C2DB2EA7265771A7005184FC /* ArticleDetailModelTests.swift */ = {isa = PBXFileReference; lastKnownFileType = sourcecode.swift; path = ArticleDetailModelTests.swift; sourceTree = "<group>"; };
		C2DB2EA92657737A005184FC /* SafeDecodable.swift */ = {isa = PBXFileReference; lastKnownFileType = sourcecode.swift; path = SafeDecodable.swift; sourceTree = "<group>"; };
		C2DB2EAB26577555005184FC /* Article+AdditionsTests.swift */ = {isa = PBXFileReference; lastKnownFileType = sourcecode.swift; path = "Article+AdditionsTests.swift"; sourceTree = "<group>"; };
		C2DB2EAD26577777005184FC /* JSONDecoder+JSON.swift */ = {isa = PBXFileReference; lastKnownFileType = sourcecode.swift; path = "JSONDecoder+JSON.swift"; sourceTree = "<group>"; };
		C2DBBC2F265640BA00497F0E /* ImageDownloadState.swift */ = {isa = PBXFileReference; lastKnownFileType = sourcecode.swift; path = ImageDownloadState.swift; sourceTree = "<group>"; };
		C2DBBC3126564D4B00497F0E /* ArticleListViewModelTests.swift */ = {isa = PBXFileReference; lastKnownFileType = sourcecode.swift; path = ArticleListViewModelTests.swift; sourceTree = "<group>"; };
		C2DBBC35265679B100497F0E /* ResponseValidator.swift */ = {isa = PBXFileReference; lastKnownFileType = sourcecode.swift; path = ResponseValidator.swift; sourceTree = "<group>"; };
		C2DBBC3726567B9400497F0E /* ResponseValidatorTests.swift */ = {isa = PBXFileReference; lastKnownFileType = sourcecode.swift; path = ResponseValidatorTests.swift; sourceTree = "<group>"; };
		C2DBBC392656B28C00497F0E /* ArticleDetailRepository.swift */ = {isa = PBXFileReference; lastKnownFileType = sourcecode.swift; path = ArticleDetailRepository.swift; sourceTree = "<group>"; };
		C2DBBC3B2656B6AD00497F0E /* ArticleLikes.swift */ = {isa = PBXFileReference; lastKnownFileType = sourcecode.swift; path = ArticleLikes.swift; sourceTree = "<group>"; };
		C2DBBC3D2656B6BD00497F0E /* ArticleComments.swift */ = {isa = PBXFileReference; lastKnownFileType = sourcecode.swift; path = ArticleComments.swift; sourceTree = "<group>"; };
		C2DBBC3F2656BF0F00497F0E /* URLFormable+PathAdditions.swift */ = {isa = PBXFileReference; lastKnownFileType = sourcecode.swift; path = "URLFormable+PathAdditions.swift"; sourceTree = "<group>"; };
		C2DBBC412656C2A800497F0E /* ArticleDetailViewModel.swift */ = {isa = PBXFileReference; lastKnownFileType = sourcecode.swift; path = ArticleDetailViewModel.swift; sourceTree = "<group>"; };
		C2DBBC432656CBF100497F0E /* Article+Additions.swift */ = {isa = PBXFileReference; lastKnownFileType = sourcecode.swift; path = "Article+Additions.swift"; sourceTree = "<group>"; };
		C2DBBC452656E8C600497F0E /* ArticleDetailSection.swift */ = {isa = PBXFileReference; lastKnownFileType = sourcecode.swift; path = ArticleDetailSection.swift; sourceTree = "<group>"; };
		C2DBBC472656EBC600497F0E /* ArticleDetailImageCell.swift */ = {isa = PBXFileReference; lastKnownFileType = sourcecode.swift; path = ArticleDetailImageCell.swift; sourceTree = "<group>"; };
		C2DBBC482656EBC600497F0E /* ArticleDetailImageCell.xib */ = {isa = PBXFileReference; lastKnownFileType = file.xib; path = ArticleDetailImageCell.xib; sourceTree = "<group>"; };
		C2DBBC4B2656EBED00497F0E /* ArticleDetailTitleCell.swift */ = {isa = PBXFileReference; lastKnownFileType = sourcecode.swift; path = ArticleDetailTitleCell.swift; sourceTree = "<group>"; };
		C2DBBC4C2656EBED00497F0E /* ArticleDetailTitleCell.xib */ = {isa = PBXFileReference; lastKnownFileType = file.xib; path = ArticleDetailTitleCell.xib; sourceTree = "<group>"; };
		C2DBBC4F2656EC2400497F0E /* ArticleLikesAndCommentsCell.swift */ = {isa = PBXFileReference; lastKnownFileType = sourcecode.swift; path = ArticleLikesAndCommentsCell.swift; sourceTree = "<group>"; };
		C2DBBC502656EC2400497F0E /* ArticleLikesAndCommentsCell.xib */ = {isa = PBXFileReference; lastKnownFileType = file.xib; path = ArticleLikesAndCommentsCell.xib; sourceTree = "<group>"; };
		C2DBBC532656EC3900497F0E /* ArticleDescriptionCell.swift */ = {isa = PBXFileReference; lastKnownFileType = sourcecode.swift; path = ArticleDescriptionCell.swift; sourceTree = "<group>"; };
		C2DBBC542656EC3900497F0E /* ArticleDescriptionCell.xib */ = {isa = PBXFileReference; lastKnownFileType = file.xib; path = ArticleDescriptionCell.xib; sourceTree = "<group>"; };
		E660A67E0C385C85BAC09F8E /* Pods-USNewsTests.release.xcconfig */ = {isa = PBXFileReference; includeInIndex = 1; lastKnownFileType = text.xcconfig; name = "Pods-USNewsTests.release.xcconfig"; path = "Target Support Files/Pods-USNewsTests/Pods-USNewsTests.release.xcconfig"; sourceTree = "<group>"; };
		E9A21D56E52F0976F7F53E55 /* Pods-USNewsTests.debug.xcconfig */ = {isa = PBXFileReference; includeInIndex = 1; lastKnownFileType = text.xcconfig; name = "Pods-USNewsTests.debug.xcconfig"; path = "Target Support Files/Pods-USNewsTests/Pods-USNewsTests.debug.xcconfig"; sourceTree = "<group>"; };
		F38EA5FD20F22F1980685974 /* Pods_USNewsTests.framework */ = {isa = PBXFileReference; explicitFileType = wrapper.framework; includeInIndex = 0; path = Pods_USNewsTests.framework; sourceTree = BUILT_PRODUCTS_DIR; };
/* End PBXFileReference section */

/* Begin PBXFrameworksBuildPhase section */
		C293F80326562ED100956406 /* Frameworks */ = {
			isa = PBXFrameworksBuildPhase;
			buildActionMask = 2147483647;
			files = (
				BAD12722978088FC4B32F8C2 /* Pods_USNewsTests.framework in Frameworks */,
			);
			runOnlyForDeploymentPostprocessing = 0;
		};
		C2C00C4D26555CAA00629018 /* Frameworks */ = {
			isa = PBXFrameworksBuildPhase;
			buildActionMask = 2147483647;
			files = (
				C82EBBEA9A47E2D64C528A2B /* Pods_USNews.framework in Frameworks */,
			);
			runOnlyForDeploymentPostprocessing = 0;
		};
/* End PBXFrameworksBuildPhase section */

/* Begin PBXGroup section */
		048EC2E8D2A6B2ABAFC13A26 /* Frameworks */ = {
			isa = PBXGroup;
			children = (
				751EF11C7FB345BBDC7202C3 /* Pods_USNews.framework */,
				F38EA5FD20F22F1980685974 /* Pods_USNewsTests.framework */,
			);
			name = Frameworks;
			sourceTree = "<group>";
		};
		5C943B24A40DD99FEB3285BA /* Pods */ = {
			isa = PBXGroup;
			children = (
				46964A828A7E3B28FABE55AF /* Pods-USNews.debug.xcconfig */,
				B72FBB1A78B3E962062B95FA /* Pods-USNews.release.xcconfig */,
				E9A21D56E52F0976F7F53E55 /* Pods-USNewsTests.debug.xcconfig */,
				E660A67E0C385C85BAC09F8E /* Pods-USNewsTests.release.xcconfig */,
			);
			path = Pods;
			sourceTree = "<group>";
		};
		C293F7F226560D2200956406 /* Views */ = {
			isa = PBXGroup;
			children = (
				C2DBBC532656EC3900497F0E /* ArticleDescriptionCell.swift */,
				C2DBBC542656EC3900497F0E /* ArticleDescriptionCell.xib */,
				C2DBBC472656EBC600497F0E /* ArticleDetailImageCell.swift */,
				C2DBBC482656EBC600497F0E /* ArticleDetailImageCell.xib */,
				C2DBBC4B2656EBED00497F0E /* ArticleDetailTitleCell.swift */,
				C2DBBC4C2656EBED00497F0E /* ArticleDetailTitleCell.xib */,
				C2DBBC4F2656EC2400497F0E /* ArticleLikesAndCommentsCell.swift */,
				C2DBBC502656EC2400497F0E /* ArticleLikesAndCommentsCell.xib */,
				C293F7F326560D4800956406 /* NewsListCell.swift */,
				C293F7F426560D4800956406 /* NewsListCell.xib */,
			);
			path = Views;
			sourceTree = "<group>";
		};
		C293F7F926561E5200956406 /* Dependency builders */ = {
			isa = PBXGroup;
			children = (
				C293F7FA26561E6800956406 /* ArticleListDependencyBuilder.swift */,
			);
			path = "Dependency builders";
			sourceTree = "<group>";
		};
		C293F80726562ED100956406 /* USNewsTests */ = {
			isa = PBXGroup;
			children = (
				C2DB2EAB26577555005184FC /* Article+AdditionsTests.swift */,
				C2DB2EA7265771A7005184FC /* ArticleDetailModelTests.swift */,
				C2DBBC3126564D4B00497F0E /* ArticleListViewModelTests.swift */,
				C293F80A26562ED100956406 /* Info.plist */,
				C2DBBC3726567B9400497F0E /* ResponseValidatorTests.swift */,
				C293F80826562ED100956406 /* USNewsTests.swift */,
			);
			path = USNewsTests;
			sourceTree = "<group>";
		};
		C2C00C4726555CAA00629018 = {
			isa = PBXGroup;
			children = (
				C2C00C5226555CAA00629018 /* USNews */,
				C293F80726562ED100956406 /* USNewsTests */,
				C2C00C5126555CAA00629018 /* Products */,
				5C943B24A40DD99FEB3285BA /* Pods */,
				048EC2E8D2A6B2ABAFC13A26 /* Frameworks */,
			);
			sourceTree = "<group>";
		};
		C2C00C5126555CAA00629018 /* Products */ = {
			isa = PBXGroup;
			children = (
				C2C00C5026555CAA00629018 /* USNews.app */,
				C293F80626562ED100956406 /* USNewsTests.xctest */,
			);
			name = Products;
			sourceTree = "<group>";
		};
		C2C00C5226555CAA00629018 /* USNews */ = {
			isa = PBXGroup;
			children = (
				C2C00C5326555CAA00629018 /* AppDelegate.swift */,
				C2C00C5C26555CAB00629018 /* Assets.xcassets */,
				C293F7F926561E5200956406 /* Dependency builders */,
				C2C00C7D2655717E00629018 /* Extensions */,
				C2C00C7026555F6A00629018 /* Foundation */,
				C2C00C6126555CAB00629018 /* Info.plist */,
				C2C00C5E26555CAB00629018 /* LaunchScreen.storyboard */,
				C2C00C86265580B000629018 /* Models */,
				C2C00C6B26555E5F00629018 /* Protocols */,
				C2C00C89265583CF00629018 /* Repositories */,
				C2C00C752655695A00629018 /* Storyboards */,
				C2C00C762655696F00629018 /* ViewControllers */,
				C2C00C8C26558EF100629018 /* ViewModels */,
				C293F7F226560D2200956406 /* Views */,
			);
			path = USNews;
			sourceTree = "<group>";
		};
		C2C00C6B26555E5F00629018 /* Protocols */ = {
			isa = PBXGroup;
			children = (
				C2C00C6E26555EF600629018 /* APIServiceInterface.swift */,
				C2C00C6C26555E8100629018 /* Requestable.swift */,
				C2C00C8026557B7F00629018 /* RequestEncoding.swift */,
				C293F7FE265621C600956406 /* StoryboardInstantiable.swift */,
				C2C00C7726556BF300629018 /* URLFormable.swift */,
			);
			path = Protocols;
			sourceTree = "<group>";
		};
		C2C00C7026555F6A00629018 /* Foundation */ = {
			isa = PBXGroup;
			children = (
				C2C00C7926556C6800629018 /* APIEndPoint.swift */,
				C2C00C7126555F8900629018 /* APIHTTPDecodableResponse.swift */,
				C2C00C6726555D9100629018 /* APIService.swift */,
				C2C00C732655600000629018 /* APIServiceError.swift */,
				C293F8002656245100956406 /* Environment.swift */,
				C2DBBC2F265640BA00497F0E /* ImageDownloadState.swift */,
				C2C00C7B2655713300629018 /* Request.swift */,
				C2C00C8426557C9A00629018 /* RequestJSONEncoding.swift */,
				C2C00C8226557C3A00629018 /* RequestURLEncoding.swift */,
				C2DBBC35265679B100497F0E /* ResponseValidator.swift */,
				C2DB2EA92657737A005184FC /* SafeDecodable.swift */,
				C2C00C6926555DEF00629018 /* SessionContext.swift */,
			);
			path = Foundation;
			sourceTree = "<group>";
		};
		C2C00C752655695A00629018 /* Storyboards */ = {
			isa = PBXGroup;
			children = (
				C2C00C5926555CAA00629018 /* Main.storyboard */,
			);
			path = Storyboards;
			sourceTree = "<group>";
		};
		C2C00C762655696F00629018 /* ViewControllers */ = {
			isa = PBXGroup;
			children = (
				C2DB2EA52656F946005184FC /* ArticleDetailViewController.swift */,
				C2C00C5726555CAA00629018 /* ArticleListViewController.swift */,
			);
			path = ViewControllers;
			sourceTree = "<group>";
		};
		C2C00C7D2655717E00629018 /* Extensions */ = {
			isa = PBXGroup;
			children = (
				C2DBBC432656CBF100497F0E /* Article+Additions.swift */,
				C2C00C912655962B00629018 /* Collection+SafeIndex.swift */,
				C2DB2EAD26577777005184FC /* JSONDecoder+JSON.swift */,
				C293F7FC2656218900956406 /* UIStoryboard+Additions.swift */,
				C293F7F72656192300956406 /* UITableViewCell+ReuseIdentifier.swift */,
				C2DBBC3F2656BF0F00497F0E /* URLFormable+PathAdditions.swift */,
				C2C00C7E265571A100629018 /* URLRequest+RequestMethod.swift */,
			);
			path = Extensions;
			sourceTree = "<group>";
		};
		C2C00C86265580B000629018 /* Models */ = {
			isa = PBXGroup;
			children = (
				C2DBBC3D2656B6BD00497F0E /* ArticleComments.swift */,
				C2DBBC3B2656B6AD00497F0E /* ArticleLikes.swift */,
				C2C00C872655813500629018 /* ArticleListResponse.swift */,
			);
			path = Models;
			sourceTree = "<group>";
		};
		C2C00C89265583CF00629018 /* Repositories */ = {
			isa = PBXGroup;
			children = (
				C2DBBC392656B28C00497F0E /* ArticleDetailRepository.swift */,
				C2C00C8A2655859E00629018 /* ArticleListRepository.swift */,
			);
			path = Repositories;
			sourceTree = "<group>";
		};
		C2C00C8C26558EF100629018 /* ViewModels */ = {
			isa = PBXGroup;
			children = (
				C2DBBC452656E8C600497F0E /* ArticleDetailSection.swift */,
				C2DBBC412656C2A800497F0E /* ArticleDetailViewModel.swift */,
				C2C00C8D26558F0500629018 /* ArticleListViewModel.swift */,
				C2C00C8F2655918500629018 /* ArticleViewModel.swift */,
			);
			path = ViewModels;
			sourceTree = "<group>";
		};
/* End PBXGroup section */

/* Begin PBXNativeTarget section */
		C293F80526562ED100956406 /* USNewsTests */ = {
			isa = PBXNativeTarget;
			buildConfigurationList = C293F80D26562ED100956406 /* Build configuration list for PBXNativeTarget "USNewsTests" */;
			buildPhases = (
				8092017E08654EE57733E706 /* [CP] Check Pods Manifest.lock */,
				C293F80226562ED100956406 /* Sources */,
				C293F80326562ED100956406 /* Frameworks */,
				C293F80426562ED100956406 /* Resources */,
			);
			buildRules = (
			);
			dependencies = (
				C293F80C26562ED100956406 /* PBXTargetDependency */,
			);
			name = USNewsTests;
			productName = USNewsTests;
			productReference = C293F80626562ED100956406 /* USNewsTests.xctest */;
			productType = "com.apple.product-type.bundle.unit-test";
		};
		C2C00C4F26555CAA00629018 /* USNews */ = {
			isa = PBXNativeTarget;
			buildConfigurationList = C2C00C6426555CAB00629018 /* Build configuration list for PBXNativeTarget "USNews" */;
			buildPhases = (
				E71F797BB9DF637C25017D33 /* [CP] Check Pods Manifest.lock */,
				C2C00C4C26555CAA00629018 /* Sources */,
				C2C00C4D26555CAA00629018 /* Frameworks */,
				C2C00C4E26555CAA00629018 /* Resources */,
				31F752ADEB74EB8D56F708BC /* [CP] Embed Pods Frameworks */,
			);
			buildRules = (
			);
			dependencies = (
			);
			name = USNews;
			productName = USNews;
			productReference = C2C00C5026555CAA00629018 /* USNews.app */;
			productType = "com.apple.product-type.application";
		};
/* End PBXNativeTarget section */

/* Begin PBXProject section */
		C2C00C4826555CAA00629018 /* Project object */ = {
			isa = PBXProject;
			attributes = {
				LastSwiftUpdateCheck = 1130;
				LastUpgradeCheck = 1130;
				ORGANIZATIONNAME = "Arjun P A";
				TargetAttributes = {
					C293F80526562ED100956406 = {
						CreatedOnToolsVersion = 11.3.1;
						TestTargetID = C2C00C4F26555CAA00629018;
					};
					C2C00C4F26555CAA00629018 = {
						CreatedOnToolsVersion = 11.3.1;
					};
				};
			};
			buildConfigurationList = C2C00C4B26555CAA00629018 /* Build configuration list for PBXProject "USNews" */;
			compatibilityVersion = "Xcode 9.3";
			developmentRegion = en;
			hasScannedForEncodings = 0;
			knownRegions = (
				en,
				Base,
			);
			mainGroup = C2C00C4726555CAA00629018;
			productRefGroup = C2C00C5126555CAA00629018 /* Products */;
			projectDirPath = "";
			projectRoot = "";
			targets = (
				C2C00C4F26555CAA00629018 /* USNews */,
				C293F80526562ED100956406 /* USNewsTests */,
			);
		};
/* End PBXProject section */

/* Begin PBXResourcesBuildPhase section */
		C293F80426562ED100956406 /* Resources */ = {
			isa = PBXResourcesBuildPhase;
			buildActionMask = 2147483647;
			files = (
			);
			runOnlyForDeploymentPostprocessing = 0;
		};
		C2C00C4E26555CAA00629018 /* Resources */ = {
			isa = PBXResourcesBuildPhase;
			buildActionMask = 2147483647;
			files = (
				C2DBBC4E2656EBED00497F0E /* ArticleDetailTitleCell.xib in Resources */,
				C2DBBC522656EC2400497F0E /* ArticleLikesAndCommentsCell.xib in Resources */,
				C2C00C6026555CAB00629018 /* LaunchScreen.storyboard in Resources */,
				C2DBBC562656EC3900497F0E /* ArticleDescriptionCell.xib in Resources */,
				C2DBBC4A2656EBC600497F0E /* ArticleDetailImageCell.xib in Resources */,
				C2C00C5D26555CAB00629018 /* Assets.xcassets in Resources */,
				C293F7F626560D4800956406 /* NewsListCell.xib in Resources */,
				C2C00C5B26555CAA00629018 /* Main.storyboard in Resources */,
			);
			runOnlyForDeploymentPostprocessing = 0;
		};
/* End PBXResourcesBuildPhase section */

/* Begin PBXShellScriptBuildPhase section */
		31F752ADEB74EB8D56F708BC /* [CP] Embed Pods Frameworks */ = {
			isa = PBXShellScriptBuildPhase;
			buildActionMask = 2147483647;
			files = (
			);
			inputFileListPaths = (
				"${PODS_ROOT}/Target Support Files/Pods-USNews/Pods-USNews-frameworks-${CONFIGURATION}-input-files.xcfilelist",
			);
			name = "[CP] Embed Pods Frameworks";
			outputFileListPaths = (
				"${PODS_ROOT}/Target Support Files/Pods-USNews/Pods-USNews-frameworks-${CONFIGURATION}-output-files.xcfilelist",
			);
			runOnlyForDeploymentPostprocessing = 0;
			shellPath = /bin/sh;
			shellScript = "\"${PODS_ROOT}/Target Support Files/Pods-USNews/Pods-USNews-frameworks.sh\"\n";
			showEnvVarsInLog = 0;
		};
		8092017E08654EE57733E706 /* [CP] Check Pods Manifest.lock */ = {
			isa = PBXShellScriptBuildPhase;
			buildActionMask = 2147483647;
			files = (
			);
			inputFileListPaths = (
			);
			inputPaths = (
				"${PODS_PODFILE_DIR_PATH}/Podfile.lock",
				"${PODS_ROOT}/Manifest.lock",
			);
			name = "[CP] Check Pods Manifest.lock";
			outputFileListPaths = (
			);
			outputPaths = (
				"$(DERIVED_FILE_DIR)/Pods-USNewsTests-checkManifestLockResult.txt",
			);
			runOnlyForDeploymentPostprocessing = 0;
			shellPath = /bin/sh;
			shellScript = "diff \"${PODS_PODFILE_DIR_PATH}/Podfile.lock\" \"${PODS_ROOT}/Manifest.lock\" > /dev/null\nif [ $? != 0 ] ; then\n    # print error to STDERR\n    echo \"error: The sandbox is not in sync with the Podfile.lock. Run 'pod install' or update your CocoaPods installation.\" >&2\n    exit 1\nfi\n# This output is used by Xcode 'outputs' to avoid re-running this script phase.\necho \"SUCCESS\" > \"${SCRIPT_OUTPUT_FILE_0}\"\n";
			showEnvVarsInLog = 0;
		};
		E71F797BB9DF637C25017D33 /* [CP] Check Pods Manifest.lock */ = {
			isa = PBXShellScriptBuildPhase;
			buildActionMask = 2147483647;
			files = (
			);
			inputFileListPaths = (
			);
			inputPaths = (
				"${PODS_PODFILE_DIR_PATH}/Podfile.lock",
				"${PODS_ROOT}/Manifest.lock",
			);
			name = "[CP] Check Pods Manifest.lock";
			outputFileListPaths = (
			);
			outputPaths = (
				"$(DERIVED_FILE_DIR)/Pods-USNews-checkManifestLockResult.txt",
			);
			runOnlyForDeploymentPostprocessing = 0;
			shellPath = /bin/sh;
			shellScript = "diff \"${PODS_PODFILE_DIR_PATH}/Podfile.lock\" \"${PODS_ROOT}/Manifest.lock\" > /dev/null\nif [ $? != 0 ] ; then\n    # print error to STDERR\n    echo \"error: The sandbox is not in sync with the Podfile.lock. Run 'pod install' or update your CocoaPods installation.\" >&2\n    exit 1\nfi\n# This output is used by Xcode 'outputs' to avoid re-running this script phase.\necho \"SUCCESS\" > \"${SCRIPT_OUTPUT_FILE_0}\"\n";
			showEnvVarsInLog = 0;
		};
/* End PBXShellScriptBuildPhase section */

/* Begin PBXSourcesBuildPhase section */
		C293F80226562ED100956406 /* Sources */ = {
			isa = PBXSourcesBuildPhase;
			buildActionMask = 2147483647;
			files = (
				C2DB2EAC26577555005184FC /* Article+AdditionsTests.swift in Sources */,
				C2DBBC3826567B9400497F0E /* ResponseValidatorTests.swift in Sources */,
				C293F80926562ED100956406 /* USNewsTests.swift in Sources */,
				C2DBBC3226564D4B00497F0E /* ArticleListViewModelTests.swift in Sources */,
				C2DB2EA8265771A7005184FC /* ArticleDetailModelTests.swift in Sources */,
			);
			runOnlyForDeploymentPostprocessing = 0;
		};
		C2C00C4C26555CAA00629018 /* Sources */ = {
			isa = PBXSourcesBuildPhase;
			buildActionMask = 2147483647;
			files = (
				C2C00C6A26555DEF00629018 /* SessionContext.swift in Sources */,
				C2C00C7A26556C6800629018 /* APIEndPoint.swift in Sources */,
				C2DBBC3A2656B28C00497F0E /* ArticleDetailRepository.swift in Sources */,
				C293F7FB26561E6800956406 /* ArticleListDependencyBuilder.swift in Sources */,
				C2DBBC36265679B100497F0E /* ResponseValidator.swift in Sources */,
				C2C00C7F265571A100629018 /* URLRequest+RequestMethod.swift in Sources */,
				C293F7F526560D4800956406 /* NewsListCell.swift in Sources */,
				C2DBBC4D2656EBED00497F0E /* ArticleDetailTitleCell.swift in Sources */,
				C2C00C5826555CAA00629018 /* ArticleListViewController.swift in Sources */,
				C2DBBC442656CBF100497F0E /* Article+Additions.swift in Sources */,
				C2DBBC30265640BA00497F0E /* ImageDownloadState.swift in Sources */,
				C2C00C7826556BF300629018 /* URLFormable.swift in Sources */,
				C2C00C8526557C9A00629018 /* RequestJSONEncoding.swift in Sources */,
				C293F7FD2656218900956406 /* UIStoryboard+Additions.swift in Sources */,
				C2DB2EA62656F946005184FC /* ArticleDetailViewController.swift in Sources */,
				C2DBBC402656BF0F00497F0E /* URLFormable+PathAdditions.swift in Sources */,
				C2DB2EAE26577777005184FC /* JSONDecoder+JSON.swift in Sources */,
				C2C00C7C2655713300629018 /* Request.swift in Sources */,
				C2DBBC462656E8C600497F0E /* ArticleDetailSection.swift in Sources */,
				C2DBBC3C2656B6AD00497F0E /* ArticleLikes.swift in Sources */,
				C2DBBC492656EBC600497F0E /* ArticleDetailImageCell.swift in Sources */,
				C2C00C8326557C3A00629018 /* RequestURLEncoding.swift in Sources */,
				C2C00C6D26555E8100629018 /* Requestable.swift in Sources */,
				C2C00C882655813500629018 /* ArticleListResponse.swift in Sources */,
				C2C00C8B2655859E00629018 /* ArticleListRepository.swift in Sources */,
				C2C00C6826555D9100629018 /* APIService.swift in Sources */,
				C2C00C6F26555EF600629018 /* APIServiceInterface.swift in Sources */,
				C2C00C8E26558F0500629018 /* ArticleListViewModel.swift in Sources */,
				C2C00C742655600000629018 /* APIServiceError.swift in Sources */,
				C2DBBC512656EC2400497F0E /* ArticleLikesAndCommentsCell.swift in Sources */,
				C2DBBC422656C2A800497F0E /* ArticleDetailViewModel.swift in Sources */,
				C2DBBC552656EC3900497F0E /* ArticleDescriptionCell.swift in Sources */,
				C2C00C8126557B7F00629018 /* RequestEncoding.swift in Sources */,
				C293F7F82656192300956406 /* UITableViewCell+ReuseIdentifier.swift in Sources */,
				C2C00C7226555F8900629018 /* APIHTTPDecodableResponse.swift in Sources */,
				C2DB2EAA2657737A005184FC /* SafeDecodable.swift in Sources */,
				C293F8012656245100956406 /* Environment.swift in Sources */,
				C2C00C902655918500629018 /* ArticleViewModel.swift in Sources */,
				C293F7FF265621C600956406 /* StoryboardInstantiable.swift in Sources */,
				C2C00C922655962B00629018 /* Collection+SafeIndex.swift in Sources */,
				C2DBBC3E2656B6BD00497F0E /* ArticleComments.swift in Sources */,
				C2C00C5426555CAA00629018 /* AppDelegate.swift in Sources */,
			);
			runOnlyForDeploymentPostprocessing = 0;
		};
/* End PBXSourcesBuildPhase section */

/* Begin PBXTargetDependency section */
		C293F80C26562ED100956406 /* PBXTargetDependency */ = {
			isa = PBXTargetDependency;
			target = C2C00C4F26555CAA00629018 /* USNews */;
			targetProxy = C293F80B26562ED100956406 /* PBXContainerItemProxy */;
		};
/* End PBXTargetDependency section */

/* Begin PBXVariantGroup section */
		C2C00C5926555CAA00629018 /* Main.storyboard */ = {
			isa = PBXVariantGroup;
			children = (
				C2C00C5A26555CAA00629018 /* Base */,
			);
			name = Main.storyboard;
			sourceTree = "<group>";
		};
		C2C00C5E26555CAB00629018 /* LaunchScreen.storyboard */ = {
			isa = PBXVariantGroup;
			children = (
				C2C00C5F26555CAB00629018 /* Base */,
			);
			name = LaunchScreen.storyboard;
			sourceTree = "<group>";
		};
/* End PBXVariantGroup section */

/* Begin XCBuildConfiguration section */
		C293F80E26562ED100956406 /* Debug */ = {
			isa = XCBuildConfiguration;
			baseConfigurationReference = E9A21D56E52F0976F7F53E55 /* Pods-USNewsTests.debug.xcconfig */;
			buildSettings = {
				BUNDLE_LOADER = "$(TEST_HOST)";
				CODE_SIGN_STYLE = Automatic;
				DEVELOPMENT_TEAM = ZE2EAVJ28G;
				INFOPLIST_FILE = USNewsTests/Info.plist;
				LD_RUNPATH_SEARCH_PATHS = (
					"$(inherited)",
					"@executable_path/Frameworks",
					"@loader_path/Frameworks",
				);
				PRODUCT_BUNDLE_IDENTIFIER = com.see5ive.USNewsTests;
				PRODUCT_NAME = "$(TARGET_NAME)";
				SWIFT_VERSION = 5.0;
				TARGETED_DEVICE_FAMILY = "1,2";
				TEST_HOST = "$(BUILT_PRODUCTS_DIR)/USNews.app/USNews";
			};
			name = Debug;
		};
		C293F80F26562ED100956406 /* Release */ = {
			isa = XCBuildConfiguration;
			baseConfigurationReference = E660A67E0C385C85BAC09F8E /* Pods-USNewsTests.release.xcconfig */;
			buildSettings = {
				BUNDLE_LOADER = "$(TEST_HOST)";
				CODE_SIGN_STYLE = Automatic;
				DEVELOPMENT_TEAM = ZE2EAVJ28G;
				INFOPLIST_FILE = USNewsTests/Info.plist;
				LD_RUNPATH_SEARCH_PATHS = (
					"$(inherited)",
					"@executable_path/Frameworks",
					"@loader_path/Frameworks",
				);
				PRODUCT_BUNDLE_IDENTIFIER = com.see5ive.USNewsTests;
				PRODUCT_NAME = "$(TARGET_NAME)";
				SWIFT_VERSION = 5.0;
				TARGETED_DEVICE_FAMILY = "1,2";
				TEST_HOST = "$(BUILT_PRODUCTS_DIR)/USNews.app/USNews";
			};
			name = Release;
		};
		C2C00C6226555CAB00629018 /* Debug */ = {
			isa = XCBuildConfiguration;
			buildSettings = {
				ALWAYS_SEARCH_USER_PATHS = NO;
				CLANG_ANALYZER_NONNULL = YES;
				CLANG_ANALYZER_NUMBER_OBJECT_CONVERSION = YES_AGGRESSIVE;
				CLANG_CXX_LANGUAGE_STANDARD = "gnu++14";
				CLANG_CXX_LIBRARY = "libc++";
				CLANG_ENABLE_MODULES = YES;
				CLANG_ENABLE_OBJC_ARC = YES;
				CLANG_ENABLE_OBJC_WEAK = YES;
				CLANG_WARN_BLOCK_CAPTURE_AUTORELEASING = YES;
				CLANG_WARN_BOOL_CONVERSION = YES;
				CLANG_WARN_COMMA = YES;
				CLANG_WARN_CONSTANT_CONVERSION = YES;
				CLANG_WARN_DEPRECATED_OBJC_IMPLEMENTATIONS = YES;
				CLANG_WARN_DIRECT_OBJC_ISA_USAGE = YES_ERROR;
				CLANG_WARN_DOCUMENTATION_COMMENTS = YES;
				CLANG_WARN_EMPTY_BODY = YES;
				CLANG_WARN_ENUM_CONVERSION = YES;
				CLANG_WARN_INFINITE_RECURSION = YES;
				CLANG_WARN_INT_CONVERSION = YES;
				CLANG_WARN_NON_LITERAL_NULL_CONVERSION = YES;
				CLANG_WARN_OBJC_IMPLICIT_RETAIN_SELF = YES;
				CLANG_WARN_OBJC_LITERAL_CONVERSION = YES;
				CLANG_WARN_OBJC_ROOT_CLASS = YES_ERROR;
				CLANG_WARN_RANGE_LOOP_ANALYSIS = YES;
				CLANG_WARN_STRICT_PROTOTYPES = YES;
				CLANG_WARN_SUSPICIOUS_MOVE = YES;
				CLANG_WARN_UNGUARDED_AVAILABILITY = YES_AGGRESSIVE;
				CLANG_WARN_UNREACHABLE_CODE = YES;
				CLANG_WARN__DUPLICATE_METHOD_MATCH = YES;
				COPY_PHASE_STRIP = NO;
				DEBUG_INFORMATION_FORMAT = dwarf;
				ENABLE_STRICT_OBJC_MSGSEND = YES;
				ENABLE_TESTABILITY = YES;
				GCC_C_LANGUAGE_STANDARD = gnu11;
				GCC_DYNAMIC_NO_PIC = NO;
				GCC_NO_COMMON_BLOCKS = YES;
				GCC_OPTIMIZATION_LEVEL = 0;
				GCC_PREPROCESSOR_DEFINITIONS = (
					"DEBUG=1",
					"$(inherited)",
				);
				GCC_WARN_64_TO_32_BIT_CONVERSION = YES;
				GCC_WARN_ABOUT_RETURN_TYPE = YES_ERROR;
				GCC_WARN_UNDECLARED_SELECTOR = YES;
				GCC_WARN_UNINITIALIZED_AUTOS = YES_AGGRESSIVE;
				GCC_WARN_UNUSED_FUNCTION = YES;
				GCC_WARN_UNUSED_VARIABLE = YES;
				IPHONEOS_DEPLOYMENT_TARGET = 13.2;
				MTL_ENABLE_DEBUG_INFO = INCLUDE_SOURCE;
				MTL_FAST_MATH = YES;
				ONLY_ACTIVE_ARCH = YES;
				SDKROOT = iphoneos;
				SWIFT_ACTIVE_COMPILATION_CONDITIONS = DEBUG;
				SWIFT_OPTIMIZATION_LEVEL = "-Onone";
			};
			name = Debug;
		};
		C2C00C6326555CAB00629018 /* Release */ = {
			isa = XCBuildConfiguration;
			buildSettings = {
				ALWAYS_SEARCH_USER_PATHS = NO;
				CLANG_ANALYZER_NONNULL = YES;
				CLANG_ANALYZER_NUMBER_OBJECT_CONVERSION = YES_AGGRESSIVE;
				CLANG_CXX_LANGUAGE_STANDARD = "gnu++14";
				CLANG_CXX_LIBRARY = "libc++";
				CLANG_ENABLE_MODULES = YES;
				CLANG_ENABLE_OBJC_ARC = YES;
				CLANG_ENABLE_OBJC_WEAK = YES;
				CLANG_WARN_BLOCK_CAPTURE_AUTORELEASING = YES;
				CLANG_WARN_BOOL_CONVERSION = YES;
				CLANG_WARN_COMMA = YES;
				CLANG_WARN_CONSTANT_CONVERSION = YES;
				CLANG_WARN_DEPRECATED_OBJC_IMPLEMENTATIONS = YES;
				CLANG_WARN_DIRECT_OBJC_ISA_USAGE = YES_ERROR;
				CLANG_WARN_DOCUMENTATION_COMMENTS = YES;
				CLANG_WARN_EMPTY_BODY = YES;
				CLANG_WARN_ENUM_CONVERSION = YES;
				CLANG_WARN_INFINITE_RECURSION = YES;
				CLANG_WARN_INT_CONVERSION = YES;
				CLANG_WARN_NON_LITERAL_NULL_CONVERSION = YES;
				CLANG_WARN_OBJC_IMPLICIT_RETAIN_SELF = YES;
				CLANG_WARN_OBJC_LITERAL_CONVERSION = YES;
				CLANG_WARN_OBJC_ROOT_CLASS = YES_ERROR;
				CLANG_WARN_RANGE_LOOP_ANALYSIS = YES;
				CLANG_WARN_STRICT_PROTOTYPES = YES;
				CLANG_WARN_SUSPICIOUS_MOVE = YES;
				CLANG_WARN_UNGUARDED_AVAILABILITY = YES_AGGRESSIVE;
				CLANG_WARN_UNREACHABLE_CODE = YES;
				CLANG_WARN__DUPLICATE_METHOD_MATCH = YES;
				COPY_PHASE_STRIP = NO;
				DEBUG_INFORMATION_FORMAT = "dwarf-with-dsym";
				ENABLE_NS_ASSERTIONS = NO;
				ENABLE_STRICT_OBJC_MSGSEND = YES;
				GCC_C_LANGUAGE_STANDARD = gnu11;
				GCC_NO_COMMON_BLOCKS = YES;
				GCC_WARN_64_TO_32_BIT_CONVERSION = YES;
				GCC_WARN_ABOUT_RETURN_TYPE = YES_ERROR;
				GCC_WARN_UNDECLARED_SELECTOR = YES;
				GCC_WARN_UNINITIALIZED_AUTOS = YES_AGGRESSIVE;
				GCC_WARN_UNUSED_FUNCTION = YES;
				GCC_WARN_UNUSED_VARIABLE = YES;
				IPHONEOS_DEPLOYMENT_TARGET = 13.2;
				MTL_ENABLE_DEBUG_INFO = NO;
				MTL_FAST_MATH = YES;
				SDKROOT = iphoneos;
				SWIFT_COMPILATION_MODE = wholemodule;
				SWIFT_OPTIMIZATION_LEVEL = "-O";
				VALIDATE_PRODUCT = YES;
			};
			name = Release;
		};
		C2C00C6526555CAB00629018 /* Debug */ = {
			isa = XCBuildConfiguration;
			baseConfigurationReference = 46964A828A7E3B28FABE55AF /* Pods-USNews.debug.xcconfig */;
			buildSettings = {
				ASSETCATALOG_COMPILER_APPICON_NAME = AppIcon;
				CODE_SIGN_STYLE = Automatic;
				DEVELOPMENT_TEAM = ZE2EAVJ28G;
				INFOPLIST_FILE = USNews/Info.plist;
				IPHONEOS_DEPLOYMENT_TARGET = 11.0;
				LD_RUNPATH_SEARCH_PATHS = (
					"$(inherited)",
					"@executable_path/Frameworks",
				);
				PRODUCT_BUNDLE_IDENTIFIER = com.see5ive.USNews;
				PRODUCT_NAME = "$(TARGET_NAME)";
				SWIFT_VERSION = 5.0;
				TARGETED_DEVICE_FAMILY = "1,2";
			};
			name = Debug;
		};
		C2C00C6626555CAB00629018 /* Release */ = {
			isa = XCBuildConfiguration;
			baseConfigurationReference = B72FBB1A78B3E962062B95FA /* Pods-USNews.release.xcconfig */;
			buildSettings = {
				ASSETCATALOG_COMPILER_APPICON_NAME = AppIcon;
				CODE_SIGN_STYLE = Automatic;
				DEVELOPMENT_TEAM = ZE2EAVJ28G;
				INFOPLIST_FILE = USNews/Info.plist;
				IPHONEOS_DEPLOYMENT_TARGET = 11.0;
				LD_RUNPATH_SEARCH_PATHS = (
					"$(inherited)",
					"@executable_path/Frameworks",
				);
				PRODUCT_BUNDLE_IDENTIFIER = com.see5ive.USNews;
				PRODUCT_NAME = "$(TARGET_NAME)";
				SWIFT_VERSION = 5.0;
				TARGETED_DEVICE_FAMILY = "1,2";
			};
			name = Release;
		};
/* End XCBuildConfiguration section */

/* Begin XCConfigurationList section */
		C293F80D26562ED100956406 /* Build configuration list for PBXNativeTarget "USNewsTests" */ = {
			isa = XCConfigurationList;
			buildConfigurations = (
				C293F80E26562ED100956406 /* Debug */,
				C293F80F26562ED100956406 /* Release */,
			);
			defaultConfigurationIsVisible = 0;
			defaultConfigurationName = Release;
		};
		C2C00C4B26555CAA00629018 /* Build configuration list for PBXProject "USNews" */ = {
			isa = XCConfigurationList;
			buildConfigurations = (
				C2C00C6226555CAB00629018 /* Debug */,
				C2C00C6326555CAB00629018 /* Release */,
			);
			defaultConfigurationIsVisible = 0;
			defaultConfigurationName = Release;
		};
		C2C00C6426555CAB00629018 /* Build configuration list for PBXNativeTarget "USNews" */ = {
			isa = XCConfigurationList;
			buildConfigurations = (
				C2C00C6526555CAB00629018 /* Debug */,
				C2C00C6626555CAB00629018 /* Release */,
			);
			defaultConfigurationIsVisible = 0;
			defaultConfigurationName = Release;
		};
/* End XCConfigurationList section */
	};
	rootObject = C2C00C4826555CAA00629018 /* Project object */;
}
